// !$*UTF8*$!
{
	archiveVersion = 1;
	classes = {
	};
	objectVersion = 50;
	objects = {

/* Begin PBXBuildFile section */
		551A5930220095A7007D27F0 /* FirstFrameworkExp.framework in Frameworks */ = {isa = PBXBuildFile; fileRef = 551A5926220095A7007D27F0 /* FirstFrameworkExp.framework */; };
		551A5935220095A7007D27F0 /* FirstFrameworkExpTests.m in Sources */ = {isa = PBXBuildFile; fileRef = 551A5934220095A7007D27F0 /* FirstFrameworkExpTests.m */; };
		551A5937220095A7007D27F0 /* FirstFrameworkExp.h in Headers */ = {isa = PBXBuildFile; fileRef = 551A5929220095A7007D27F0 /* FirstFrameworkExp.h */; settings = {ATTRIBUTES = (Public, ); }; };
/* End PBXBuildFile section */

/* Begin PBXContainerItemProxy section */
		551A5931220095A7007D27F0 /* PBXContainerItemProxy */ = {
			isa = PBXContainerItemProxy;
			containerPortal = 551A591D220095A7007D27F0 /* Project object */;
			proxyType = 1;
			remoteGlobalIDString = 551A5925220095A7007D27F0;
			remoteInfo = FirstFrameworkExp;
		};
/* End PBXContainerItemProxy section */

/* Begin PBXFileReference section */
		551A5926220095A7007D27F0 /* FirstFrameworkExp.framework */ = {isa = PBXFileReference; explicitFileType = wrapper.framework; includeInIndex = 0; path = FirstFrameworkExp.framework; sourceTree = BUILT_PRODUCTS_DIR; };
		551A5929220095A7007D27F0 /* FirstFrameworkExp.h */ = {isa = PBXFileReference; lastKnownFileType = sourcecode.c.h; path = FirstFrameworkExp.h; sourceTree = "<group>"; };
		551A592A220095A7007D27F0 /* Info.plist */ = {isa = PBXFileReference; lastKnownFileType = text.plist.xml; path = Info.plist; sourceTree = "<group>"; };
		551A592F220095A7007D27F0 /* FirstFrameworkExpTests.xctest */ = {isa = PBXFileReference; explicitFileType = wrapper.cfbundle; includeInIndex = 0; path = FirstFrameworkExpTests.xctest; sourceTree = BUILT_PRODUCTS_DIR; };
		551A5934220095A7007D27F0 /* FirstFrameworkExpTests.m */ = {isa = PBXFileReference; lastKnownFileType = sourcecode.c.objc; path = FirstFrameworkExpTests.m; sourceTree = "<group>"; };
		551A5936220095A7007D27F0 /* Info.plist */ = {isa = PBXFileReference; lastKnownFileType = text.plist.xml; path = Info.plist; sourceTree = "<group>"; };
/* End PBXFileReference section */

/* Begin PBXFrameworksBuildPhase section */
		551A5923220095A7007D27F0 /* Frameworks */ = {
			isa = PBXFrameworksBuildPhase;
			buildActionMask = 2147483647;
			files = (
			);
			runOnlyForDeploymentPostprocessing = 0;
		};
		551A592C220095A7007D27F0 /* Frameworks */ = {
			isa = PBXFrameworksBuildPhase;
			buildActionMask = 2147483647;
			files = (
				551A5930220095A7007D27F0 /* FirstFrameworkExp.framework in Frameworks */,
			);
			runOnlyForDeploymentPostprocessing = 0;
		};
/* End PBXFrameworksBuildPhase section */

/* Begin PBXGroup section */
		551A591C220095A7007D27F0 = {
			isa = PBXGroup;
			children = (
				551A5928220095A7007D27F0 /* FirstFrameworkExp */,
				551A5933220095A7007D27F0 /* FirstFrameworkExpTests */,
				551A5927220095A7007D27F0 /* Products */,
			);
			sourceTree = "<group>";
		};
		551A5927220095A7007D27F0 /* Products */ = {
			isa = PBXGroup;
			children = (
				551A5926220095A7007D27F0 /* FirstFrameworkExp.framework */,
				551A592F220095A7007D27F0 /* FirstFrameworkExpTests.xctest */,
			);
			name = Products;
			sourceTree = "<group>";
		};
		551A5928220095A7007D27F0 /* FirstFrameworkExp */ = {
			isa = PBXGroup;
			children = (
				551A5929220095A7007D27F0 /* FirstFrameworkExp.h */,
				551A592A220095A7007D27F0 /* Info.plist */,
			);
			path = FirstFrameworkExp;
			sourceTree = "<group>";
		};
		551A5933220095A7007D27F0 /* FirstFrameworkExpTests */ = {
			isa = PBXGroup;
			children = (
				551A5934220095A7007D27F0 /* FirstFrameworkExpTests.m */,
				551A5936220095A7007D27F0 /* Info.plist */,
			);
			path = FirstFrameworkExpTests;
			sourceTree = "<group>";
		};
/* End PBXGroup section */

/* Begin PBXHeadersBuildPhase section */
		551A5921220095A7007D27F0 /* Headers */ = {
			isa = PBXHeadersBuildPhase;
			buildActionMask = 2147483647;
			files = (
				551A5937220095A7007D27F0 /* FirstFrameworkExp.h in Headers */,
			);
			runOnlyForDeploymentPostprocessing = 0;
		};
/* End PBXHeadersBuildPhase section */

/* Begin PBXNativeTarget section */
		551A5925220095A7007D27F0 /* FirstFrameworkExp */ = {
			isa = PBXNativeTarget;
			buildConfigurationList = 551A593A220095A7007D27F0 /* Build configuration list for PBXNativeTarget "FirstFrameworkExp" */;
			buildPhases = (
				551A5921220095A7007D27F0 /* Headers */,
				551A5922220095A7007D27F0 /* Sources */,
				551A5923220095A7007D27F0 /* Frameworks */,
				551A5924220095A7007D27F0 /* Resources */,
			);
			buildRules = (
			);
			dependencies = (
			);
			name = FirstFrameworkExp;
			productName = FirstFrameworkExp;
			productReference = 551A5926220095A7007D27F0 /* FirstFrameworkExp.framework */;
			productType = "com.apple.product-type.framework";
		};
		551A592E220095A7007D27F0 /* FirstFrameworkExpTests */ = {
			isa = PBXNativeTarget;
			buildConfigurationList = 551A593D220095A7007D27F0 /* Build configuration list for PBXNativeTarget "FirstFrameworkExpTests" */;
			buildPhases = (
				551A592B220095A7007D27F0 /* Sources */,
				551A592C220095A7007D27F0 /* Frameworks */,
				551A592D220095A7007D27F0 /* Resources */,
			);
			buildRules = (
			);
			dependencies = (
				551A5932220095A7007D27F0 /* PBXTargetDependency */,
			);
			name = FirstFrameworkExpTests;
			productName = FirstFrameworkExpTests;
			productReference = 551A592F220095A7007D27F0 /* FirstFrameworkExpTests.xctest */;
			productType = "com.apple.product-type.bundle.unit-test";
		};
/* End PBXNativeTarget section */

/* Begin PBXProject section */
		551A591D220095A7007D27F0 /* Project object */ = {
			isa = PBXProject;
			attributes = {
				LastUpgradeCheck = 1010;
				ORGANIZATIONNAME = tvisha;
				TargetAttributes = {
					551A5925220095A7007D27F0 = {
						CreatedOnToolsVersion = 10.1;
					};
					551A592E220095A7007D27F0 = {
						CreatedOnToolsVersion = 10.1;
					};
				};
			};
			buildConfigurationList = 551A5920220095A7007D27F0 /* Build configuration list for PBXProject "FirstFrameworkExp" */;
			compatibilityVersion = "Xcode 9.3";
			developmentRegion = en;
			hasScannedForEncodings = 0;
			knownRegions = (
				en,
			);
			mainGroup = 551A591C220095A7007D27F0;
			productRefGroup = 551A5927220095A7007D27F0 /* Products */;
			projectDirPath = "";
			projectRoot = "";
			targets = (
				551A5925220095A7007D27F0 /* FirstFrameworkExp */,
				551A592E220095A7007D27F0 /* FirstFrameworkExpTests */,
			);
		};
/* End PBXProject section */

/* Begin PBXResourcesBuildPhase section */
		551A5924220095A7007D27F0 /* Resources */ = {
			isa = PBXResourcesBuildPhase;
			buildActionMask = 2147483647;
			files = (
			);
			runOnlyForDeploymentPostprocessing = 0;
		};
		551A592D220095A7007D27F0 /* Resources */ = {
			isa = PBXResourcesBuildPhase;
			buildActionMask = 2147483647;
			files = (
			);
			runOnlyForDeploymentPostprocessing = 0;
		};
/* End PBXResourcesBuildPhase section */

/* Begin PBXSourcesBuildPhase section */
		551A5922220095A7007D27F0 /* Sources */ = {
			isa = PBXSourcesBuildPhase;
			buildActionMask = 2147483647;
			files = (
			);
			runOnlyForDeploymentPostprocessing = 0;
		};
		551A592B220095A7007D27F0 /* Sources */ = {
			isa = PBXSourcesBuildPhase;
			buildActionMask = 2147483647;
			files = (
				551A5935220095A7007D27F0 /* FirstFrameworkExpTests.m in Sources */,
			);
			runOnlyForDeploymentPostprocessing = 0;
		};
/* End PBXSourcesBuildPhase section */

/* Begin PBXTargetDependency section */
		551A5932220095A7007D27F0 /* PBXTargetDependency */ = {
			isa = PBXTargetDependency;
			target = 551A5925220095A7007D27F0 /* FirstFrameworkExp */;
			targetProxy = 551A5931220095A7007D27F0 /* PBXContainerItemProxy */;
		};
/* End PBXTargetDependency section */

/* Begin XCBuildConfiguration section */
		551A5938220095A7007D27F0 /* Debug */ = {
			isa = XCBuildConfiguration;
			buildSettings = {
				ALWAYS_SEARCH_USER_PATHS = NO;
				CLANG_ANALYZER_NONNULL = YES;
				CLANG_ANALYZER_NUMBER_OBJECT_CONVERSION = YES_AGGRESSIVE;
				CLANG_CXX_LANGUAGE_STANDARD = "gnu++14";
				CLANG_CXX_LIBRARY = "libc++";
				CLANG_ENABLE_MODULES = YES;
				CLANG_ENABLE_OBJC_ARC = YES;
				CLANG_ENABLE_OBJC_WEAK = YES;
				CLANG_WARN_BLOCK_CAPTURE_AUTORELEASING = YES;
				CLANG_WARN_BOOL_CONVERSION = YES;
				CLANG_WARN_COMMA = YES;
				CLANG_WARN_CONSTANT_CONVERSION = YES;
				CLANG_WARN_DEPRECATED_OBJC_IMPLEMENTATIONS = YES;
				CLANG_WARN_DIRECT_OBJC_ISA_USAGE = YES_ERROR;
				CLANG_WARN_DOCUMENTATION_COMMENTS = YES;
				CLANG_WARN_EMPTY_BODY = YES;
				CLANG_WARN_ENUM_CONVERSION = YES;
				CLANG_WARN_INFINITE_RECURSION = YES;
				CLANG_WARN_INT_CONVERSION = YES;
				CLANG_WARN_NON_LITERAL_NULL_CONVERSION = YES;
				CLANG_WARN_OBJC_IMPLICIT_RETAIN_SELF = YES;
				CLANG_WARN_OBJC_LITERAL_CONVERSION = YES;
				CLANG_WARN_OBJC_ROOT_CLASS = YES_ERROR;
				CLANG_WARN_RANGE_LOOP_ANALYSIS = YES;
				CLANG_WARN_STRICT_PROTOTYPES = YES;
				CLANG_WARN_SUSPICIOUS_MOVE = YES;
				CLANG_WARN_UNGUARDED_AVAILABILITY = YES_AGGRESSIVE;
				CLANG_WARN_UNREACHABLE_CODE = YES;
				CLANG_WARN__DUPLICATE_METHOD_MATCH = YES;
				CODE_SIGN_IDENTITY = "iPhone Developer";
				COPY_PHASE_STRIP = NO;
				CURRENT_PROJECT_VERSION = 1;
				DEBUG_INFORMATION_FORMAT = dwarf;
				ENABLE_STRICT_OBJC_MSGSEND = YES;
				ENABLE_TESTABILITY = YES;
				GCC_C_LANGUAGE_STANDARD = gnu11;
				GCC_DYNAMIC_NO_PIC = NO;
				GCC_NO_COMMON_BLOCKS = YES;
				GCC_OPTIMIZATION_LEVEL = 0;
				GCC_PREPROCESSOR_DEFINITIONS = (
					"DEBUG=1",
					"$(inherited)",
				);
				GCC_WARN_64_TO_32_BIT_CONVERSION = YES;
				GCC_WARN_ABOUT_RETURN_TYPE = YES_ERROR;
				GCC_WARN_UNDECLARED_SELECTOR = YES;
				GCC_WARN_UNINITIALIZED_AUTOS = YES_AGGRESSIVE;
				GCC_WARN_UNUSED_FUNCTION = YES;
				GCC_WARN_UNUSED_VARIABLE = YES;
				IPHONEOS_DEPLOYMENT_TARGET = 12.1;
				MTL_ENABLE_DEBUG_INFO = INCLUDE_SOURCE;
				MTL_FAST_MATH = YES;
				ONLY_ACTIVE_ARCH = YES;
				SDKROOT = iphoneos;
				VERSIONING_SYSTEM = "apple-generic";
				VERSION_INFO_PREFIX = "";
			};
			name = Debug;
		};
		551A5939220095A7007D27F0 /* Release */ = {
			isa = XCBuildConfiguration;
			buildSettings = {
				ALWAYS_SEARCH_USER_PATHS = NO;
				CLANG_ANALYZER_NONNULL = YES;
				CLANG_ANALYZER_NUMBER_OBJECT_CONVERSION = YES_AGGRESSIVE;
				CLANG_CXX_LANGUAGE_STANDARD = "gnu++14";
				CLANG_CXX_LIBRARY = "libc++";
				CLANG_ENABLE_MODULES = YES;
				CLANG_ENABLE_OBJC_ARC = YES;
				CLANG_ENABLE_OBJC_WEAK = YES;
				CLANG_WARN_BLOCK_CAPTURE_AUTORELEASING = YES;
				CLANG_WARN_BOOL_CONVERSION = YES;
				CLANG_WARN_COMMA = YES;
				CLANG_WARN_CONSTANT_CONVERSION = YES;
				CLANG_WARN_DEPRECATED_OBJC_IMPLEMENTATIONS = YES;
				CLANG_WARN_DIRECT_OBJC_ISA_USAGE = YES_ERROR;
				CLANG_WARN_DOCUMENTATION_COMMENTS = YES;
				CLANG_WARN_EMPTY_BODY = YES;
				CLANG_WARN_ENUM_CONVERSION = YES;
				CLANG_WARN_INFINITE_RECURSION = YES;
				CLANG_WARN_INT_CONVERSION = YES;
				CLANG_WARN_NON_LITERAL_NULL_CONVERSION = YES;
				CLANG_WARN_OBJC_IMPLICIT_RETAIN_SELF = YES;
				CLANG_WARN_OBJC_LITERAL_CONVERSION = YES;
				CLANG_WARN_OBJC_ROOT_CLASS = YES_ERROR;
				CLANG_WARN_RANGE_LOOP_ANALYSIS = YES;
				CLANG_WARN_STRICT_PROTOTYPES = YES;
				CLANG_WARN_SUSPICIOUS_MOVE = YES;
				CLANG_WARN_UNGUARDED_AVAILABILITY = YES_AGGRESSIVE;
				CLANG_WARN_UNREACHABLE_CODE = YES;
				CLANG_WARN__DUPLICATE_METHOD_MATCH = YES;
				CODE_SIGN_IDENTITY = "iPhone Developer";
				COPY_PHASE_STRIP = NO;
				CURRENT_PROJECT_VERSION = 1;
				DEBUG_INFORMATION_FORMAT = "dwarf-with-dsym";
				ENABLE_NS_ASSERTIONS = NO;
				ENABLE_STRICT_OBJC_MSGSEND = YES;
				GCC_C_LANGUAGE_STANDARD = gnu11;
				GCC_NO_COMMON_BLOCKS = YES;
				GCC_WARN_64_TO_32_BIT_CONVERSION = YES;
				GCC_WARN_ABOUT_RETURN_TYPE = YES_ERROR;
				GCC_WARN_UNDECLARED_SELECTOR = YES;
				GCC_WARN_UNINITIALIZED_AUTOS = YES_AGGRESSIVE;
				GCC_WARN_UNUSED_FUNCTION = YES;
				GCC_WARN_UNUSED_VARIABLE = YES;
				IPHONEOS_DEPLOYMENT_TARGET = 12.1;
				MTL_ENABLE_DEBUG_INFO = NO;
				MTL_FAST_MATH = YES;
				SDKROOT = iphoneos;
				VALIDATE_PRODUCT = YES;
				VERSIONING_SYSTEM = "apple-generic";
				VERSION_INFO_PREFIX = "";
			};
			name = Release;
		};
		551A593B220095A7007D27F0 /* Debug */ = {
			isa = XCBuildConfiguration;
			buildSettings = {
				CODE_SIGN_IDENTITY = "";
				CODE_SIGN_STYLE = Automatic;
				DEFINES_MODULE = YES;
				DEVELOPMENT_TEAM = 745QD3SDFN;
				DYLIB_COMPATIBILITY_VERSION = 1;
				DYLIB_CURRENT_VERSION = 1;
				DYLIB_INSTALL_NAME_BASE = "@rpath";
				INFOPLIST_FILE = FirstFrameworkExp/Info.plist;
				INSTALL_PATH = "$(LOCAL_LIBRARY_DIR)/Frameworks";
				LD_RUNPATH_SEARCH_PATHS = (
					"$(inherited)",
					"@executable_path/Frameworks",
					"@loader_path/Frameworks",
				);
				PRODUCT_BUNDLE_IDENTIFIER = com.tvisha.FirstFrameworkExp;
				PRODUCT_NAME = "$(TARGET_NAME:c99extidentifier)";
				SKIP_INSTALL = YES;
				TARGETED_DEVICE_FAMILY = "1,2";
			};
			name = Debug;
		};
		551A593C220095A7007D27F0 /* Release */ = {
			isa = XCBuildConfiguration;
			buildSettings = {
				CODE_SIGN_IDENTITY = "";
				CODE_SIGN_STYLE = Automatic;
				DEFINES_MODULE = YES;
				DEVELOPMENT_TEAM = 745QD3SDFN;
				DYLIB_COMPATIBILITY_VERSION = 1;
				DYLIB_CURRENT_VERSION = 1;
				DYLIB_INSTALL_NAME_BASE = "@rpath";
				INFOPLIST_FILE = FirstFrameworkExp/Info.plist;
				INSTALL_PATH = "$(LOCAL_LIBRARY_DIR)/Frameworks";
				LD_RUNPATH_SEARCH_PATHS = (
					"$(inherited)",
					"@executable_path/Frameworks",
					"@loader_path/Frameworks",
				);
				PRODUCT_BUNDLE_IDENTIFIER = com.tvisha.FirstFrameworkExp;
				PRODUCT_NAME = "$(TARGET_NAME:c99extidentifier)";
				SKIP_INSTALL = YES;
				TARGETED_DEVICE_FAMILY = "1,2";
			};
			name = Release;
		};
		551A593E220095A7007D27F0 /* Debug */ = {
			isa = XCBuildConfiguration;
			buildSettings = {
				CODE_SIGN_STYLE = Automatic;
				DEVELOPMENT_TEAM = 745QD3SDFN;
				INFOPLIST_FILE = FirstFrameworkExpTests/Info.plist;
				LD_RUNPATH_SEARCH_PATHS = (
					"$(inherited)",
					"@executable_path/Frameworks",
					"@loader_path/Frameworks",
				);
				PRODUCT_BUNDLE_IDENTIFIER = com.tvisha.FirstFrameworkExpTests;
				PRODUCT_NAME = "$(TARGET_NAME)";
				TARGETED_DEVICE_FAMILY = "1,2";
			};
			name = Debug;
		};
		551A593F220095A7007D27F0 /* Release */ = {
			isa = XCBuildConfiguration;
			buildSettings = {
				CODE_SIGN_STYLE = Automatic;
				DEVELOPMENT_TEAM = 745QD3SDFN;
				INFOPLIST_FILE = FirstFrameworkExpTests/Info.plist;
				LD_RUNPATH_SEARCH_PATHS = (
					"$(inherited)",
					"@executable_path/Frameworks",
					"@loader_path/Frameworks",
				);
				PRODUCT_BUNDLE_IDENTIFIER = com.tvisha.FirstFrameworkExpTests;
				PRODUCT_NAME = "$(TARGET_NAME)";
				TARGETED_DEVICE_FAMILY = "1,2";
			};
			name = Release;
		};
/* End XCBuildConfiguration section */

/* Begin XCConfigurationList section */
		551A5920220095A7007D27F0 /* Build configuration list for PBXProject "FirstFrameworkExp" */ = {
			isa = XCConfigurationList;
			buildConfigurations = (
				551A5938220095A7007D27F0 /* Debug */,
				551A5939220095A7007D27F0 /* Release */,
			);
			defaultConfigurationIsVisible = 0;
			defaultConfigurationName = Release;
		};
		551A593A220095A7007D27F0 /* Build configuration list for PBXNativeTarget "FirstFrameworkExp" */ = {
			isa = XCConfigurationList;
			buildConfigurations = (
				551A593B220095A7007D27F0 /* Debug */,
				551A593C220095A7007D27F0 /* Release */,
			);
			defaultConfigurationIsVisible = 0;
			defaultConfigurationName = Release;
		};
		551A593D220095A7007D27F0 /* Build configuration list for PBXNativeTarget "FirstFrameworkExpTests" */ = {
			isa = XCConfigurationList;
			buildConfigurations = (
				551A593E220095A7007D27F0 /* Debug */,
				551A593F220095A7007D27F0 /* Release */,
			);
			defaultConfigurationIsVisible = 0;
			defaultConfigurationName = Release;
		};
/* End XCConfigurationList section */
	};
	rootObject = 551A591D220095A7007D27F0 /* Project object */;
}
